{
  "name": "Decorlift",
  "lockfileVersion": 3,
  "requires": true,
  "packages": {
    "": {
      "dependencies": {
        "await": "^0.2.6"
      }
    },
    "node_modules/await": {
      "version": "0.2.6",
      "resolved": "https://registry.npmjs.org/await/-/await-0.2.6.tgz",
      "integrity": "sha512-5BD7eP/ylHyaLiSpbiMf5ImXsIt8Vxkk26i0KIYxj3TD6d+G2WU1TqOcQaJRYwG6tIn2+Ucd6IiDPZ4pNNbLdw=="
    }
  }
}
